
Microsoft Visual Studio Solution File, Format Version 12.00
# Visual Studio Version 17
VisualStudioVersion = 17.6.33815.320
MinimumVisualStudioVersion = 10.0.40219.1
Project("{FAE04EC0-301F-11D3-BF4B-00C04F79EFBC}") = "ConAppVirtualProperty", "ConAppVirtualProperty\ConAppVirtualProperty.csproj", "{17888C9B-5D69-4979-80E4-54915A2A3E12}"
EndProject
Global
	GlobalSection(SolutionConfigurationPlatforms) = preSolution
		Debug|Any CPU = Debug|Any CPU
		Release|Any CPU = Release|Any CPU
	EndGlobalSection
	GlobalSection(ProjectConfigurationPlatforms) = postSolution
		{17888C9B-5D69-4979-80E4-54915A2A3E12}.Debug|Any CPU.ActiveCfg = Debug|Any CPU
		{17888C9B-5D69-4979-80E4-54915A2A3E12}.Debug|Any CPU.Build.0 = Debug|Any CPU
		{17888C9B-5D69-4979-80E4-54915A2A3E12}.Release|Any CPU.ActiveCfg = Release|Any CPU
		{17888C9B-5D69-4979-80E4-54915A2A3E12}.Release|Any CPU.Build.0 = Release|Any CPU
	EndGlobalSection
	GlobalSection(SolutionProperties) = preSolution
		HideSolutionNode = FALSE
	EndGlobalSection
	GlobalSection(ExtensibilityGlobals) = postSolution
		SolutionGuid = {B5BA6748-6CE7-49E6-9113-5036E93174DD}
	EndGlobalSection
EndGlobal
