
Microsoft Visual Studio Solution File, Format Version 12.00
# Visual Studio Version 17
VisualStudioVersion = 17.6.33815.320
MinimumVisualStudioVersion = 10.0.40219.1
Project("{FAE04EC0-301F-11D3-BF4B-00C04F79EFBC}") = "MultiLevelInheritanceAssignment17", "MultiLevelInheritanceAssignment17\MultiLevelInheritanceAssignment17.csproj", "{D8A51931-4DFA-4437-B9FD-D6C0EEEA114B}"
EndProject
Global
	GlobalSection(SolutionConfigurationPlatforms) = preSolution
		Debug|Any CPU = Debug|Any CPU
		Release|Any CPU = Release|Any CPU
	EndGlobalSection
	GlobalSection(ProjectConfigurationPlatforms) = postSolution
		{D8A51931-4DFA-4437-B9FD-D6C0EEEA114B}.Debug|Any CPU.ActiveCfg = Debug|Any CPU
		{D8A51931-4DFA-4437-B9FD-D6C0EEEA114B}.Debug|Any CPU.Build.0 = Debug|Any CPU
		{D8A51931-4DFA-4437-B9FD-D6C0EEEA114B}.Release|Any CPU.ActiveCfg = Release|Any CPU
		{D8A51931-4DFA-4437-B9FD-D6C0EEEA114B}.Release|Any CPU.Build.0 = Release|Any CPU
	EndGlobalSection
	GlobalSection(SolutionProperties) = preSolution
		HideSolutionNode = FALSE
	EndGlobalSection
	GlobalSection(ExtensibilityGlobals) = postSolution
		SolutionGuid = {958ACE6D-33E1-40C2-BF91-754E2558810B}
	EndGlobalSection
EndGlobal
