
Microsoft Visual Studio Solution File, Format Version 12.00
# Visual Studio Version 17
VisualStudioVersion = 17.6.33815.320
MinimumVisualStudioVersion = 10.0.40219.1
Project("{FAE04EC0-301F-11D3-BF4B-00C04F79EFBC}") = "ConAppShadowingEx", "ConAppShadowingEx\ConAppShadowingEx.csproj", "{A93ADF83-E25B-4C34-9360-248DA4CA69B6}"
EndProject
Global
	GlobalSection(SolutionConfigurationPlatforms) = preSolution
		Debug|Any CPU = Debug|Any CPU
		Release|Any CPU = Release|Any CPU
	EndGlobalSection
	GlobalSection(ProjectConfigurationPlatforms) = postSolution
		{A93ADF83-E25B-4C34-9360-248DA4CA69B6}.Debug|Any CPU.ActiveCfg = Debug|Any CPU
		{A93ADF83-E25B-4C34-9360-248DA4CA69B6}.Debug|Any CPU.Build.0 = Debug|Any CPU
		{A93ADF83-E25B-4C34-9360-248DA4CA69B6}.Release|Any CPU.ActiveCfg = Release|Any CPU
		{A93ADF83-E25B-4C34-9360-248DA4CA69B6}.Release|Any CPU.Build.0 = Release|Any CPU
	EndGlobalSection
	GlobalSection(SolutionProperties) = preSolution
		HideSolutionNode = FALSE
	EndGlobalSection
	GlobalSection(ExtensibilityGlobals) = postSolution
		SolutionGuid = {8A39A3AC-3A73-4320-80B1-57AE68CF0A86}
	EndGlobalSection
EndGlobal
