
Microsoft Visual Studio Solution File, Format Version 12.00
# Visual Studio Version 17
VisualStudioVersion = 17.6.33815.320
MinimumVisualStudioVersion = 10.0.40219.1
Project("{FAE04EC0-301F-11D3-BF4B-00C04F79EFBC}") = "ConAppMethodOverloading", "ConAppMethodOverloading\ConAppMethodOverloading.csproj", "{38EC4F2E-764D-4FED-A691-DC726007187E}"
EndProject
Global
	GlobalSection(SolutionConfigurationPlatforms) = preSolution
		Debug|Any CPU = Debug|Any CPU
		Release|Any CPU = Release|Any CPU
	EndGlobalSection
	GlobalSection(ProjectConfigurationPlatforms) = postSolution
		{38EC4F2E-764D-4FED-A691-DC726007187E}.Debug|Any CPU.ActiveCfg = Debug|Any CPU
		{38EC4F2E-764D-4FED-A691-DC726007187E}.Debug|Any CPU.Build.0 = Debug|Any CPU
		{38EC4F2E-764D-4FED-A691-DC726007187E}.Release|Any CPU.ActiveCfg = Release|Any CPU
		{38EC4F2E-764D-4FED-A691-DC726007187E}.Release|Any CPU.Build.0 = Release|Any CPU
	EndGlobalSection
	GlobalSection(SolutionProperties) = preSolution
		HideSolutionNode = FALSE
	EndGlobalSection
	GlobalSection(ExtensibilityGlobals) = postSolution
		SolutionGuid = {88007242-B520-4900-BA91-234C055295A3}
	EndGlobalSection
EndGlobal
